// !$*UTF8*$!
{
	archiveVersion = 1;
	classes = {
	};
	objectVersion = 50;
	objects = {

/* Begin PBXBuildFile section */
		270506FE2247AD7E00563F86 /* AppDelegate.swift in Sources */ = {isa = PBXBuildFile; fileRef = 270506FD2247AD7E00563F86 /* AppDelegate.swift */; };
		270507002247AD7E00563F86 /* ViewController.swift in Sources */ = {isa = PBXBuildFile; fileRef = 270506FF2247AD7E00563F86 /* ViewController.swift */; };
		270507032247AD7E00563F86 /* Main.storyboard in Resources */ = {isa = PBXBuildFile; fileRef = 270507012247AD7E00563F86 /* Main.storyboard */; };
		270507052247AD8000563F86 /* Assets.xcassets in Resources */ = {isa = PBXBuildFile; fileRef = 270507042247AD8000563F86 /* Assets.xcassets */; };
		270507082247AD8000563F86 /* LaunchScreen.storyboard in Resources */ = {isa = PBXBuildFile; fileRef = 270507062247AD8000563F86 /* LaunchScreen.storyboard */; };
		270507132247AD8000563F86 /* memoAppTests.swift in Sources */ = {isa = PBXBuildFile; fileRef = 270507122247AD8000563F86 /* memoAppTests.swift */; };
		2705071E2247AD8000563F86 /* memoAppUITests.swift in Sources */ = {isa = PBXBuildFile; fileRef = 2705071D2247AD8000563F86 /* memoAppUITests.swift */; };
/* End PBXBuildFile section */

/* Begin PBXContainerItemProxy section */
		2705070F2247AD8000563F86 /* PBXContainerItemProxy */ = {
			isa = PBXContainerItemProxy;
			containerPortal = 270506F22247AD7E00563F86 /* Project object */;
			proxyType = 1;
			remoteGlobalIDString = 270506F92247AD7E00563F86;
			remoteInfo = memoApp;
		};
		2705071A2247AD8000563F86 /* PBXContainerItemProxy */ = {
			isa = PBXContainerItemProxy;
			containerPortal = 270506F22247AD7E00563F86 /* Project object */;
			proxyType = 1;
			remoteGlobalIDString = 270506F92247AD7E00563F86;
			remoteInfo = memoApp;
		};
/* End PBXContainerItemProxy section */

/* Begin PBXFileReference section */
		270506FA2247AD7E00563F86 /* memoApp.app */ = {isa = PBXFileReference; explicitFileType = wrapper.application; includeInIndex = 0; path = memoApp.app; sourceTree = BUILT_PRODUCTS_DIR; };
		270506FD2247AD7E00563F86 /* AppDelegate.swift */ = {isa = PBXFileReference; lastKnownFileType = sourcecode.swift; path = AppDelegate.swift; sourceTree = "<group>"; };
		270506FF2247AD7E00563F86 /* ViewController.swift */ = {isa = PBXFileReference; lastKnownFileType = sourcecode.swift; path = ViewController.swift; sourceTree = "<group>"; };
		270507022247AD7E00563F86 /* Base */ = {isa = PBXFileReference; lastKnownFileType = file.storyboard; name = Base; path = Base.lproj/Main.storyboard; sourceTree = "<group>"; };
		270507042247AD8000563F86 /* Assets.xcassets */ = {isa = PBXFileReference; lastKnownFileType = folder.assetcatalog; path = Assets.xcassets; sourceTree = "<group>"; };
		270507072247AD8000563F86 /* Base */ = {isa = PBXFileReference; lastKnownFileType = file.storyboard; name = Base; path = Base.lproj/LaunchScreen.storyboard; sourceTree = "<group>"; };
		270507092247AD8000563F86 /* Info.plist */ = {isa = PBXFileReference; lastKnownFileType = text.plist.xml; path = Info.plist; sourceTree = "<group>"; };
		2705070E2247AD8000563F86 /* memoAppTests.xctest */ = {isa = PBXFileReference; explicitFileType = wrapper.cfbundle; includeInIndex = 0; path = memoAppTests.xctest; sourceTree = BUILT_PRODUCTS_DIR; };
		270507122247AD8000563F86 /* memoAppTests.swift */ = {isa = PBXFileReference; lastKnownFileType = sourcecode.swift; path = memoAppTests.swift; sourceTree = "<group>"; };
		270507142247AD8000563F86 /* Info.plist */ = {isa = PBXFileReference; lastKnownFileType = text.plist.xml; path = Info.plist; sourceTree = "<group>"; };
		270507192247AD8000563F86 /* memoAppUITests.xctest */ = {isa = PBXFileReference; explicitFileType = wrapper.cfbundle; includeInIndex = 0; path = memoAppUITests.xctest; sourceTree = BUILT_PRODUCTS_DIR; };
		2705071D2247AD8000563F86 /* memoAppUITests.swift */ = {isa = PBXFileReference; lastKnownFileType = sourcecode.swift; path = memoAppUITests.swift; sourceTree = "<group>"; };
		2705071F2247AD8000563F86 /* Info.plist */ = {isa = PBXFileReference; lastKnownFileType = text.plist.xml; path = Info.plist; sourceTree = "<group>"; };
/* End PBXFileReference section */

/* Begin PBXFrameworksBuildPhase section */
		270506F72247AD7E00563F86 /* Frameworks */ = {
			isa = PBXFrameworksBuildPhase;
			buildActionMask = 2147483647;
			files = (
			);
			runOnlyForDeploymentPostprocessing = 0;
		};
		2705070B2247AD8000563F86 /* Frameworks */ = {
			isa = PBXFrameworksBuildPhase;
			buildActionMask = 2147483647;
			files = (
			);
			runOnlyForDeploymentPostprocessing = 0;
		};
		270507162247AD8000563F86 /* Frameworks */ = {
			isa = PBXFrameworksBuildPhase;
			buildActionMask = 2147483647;
			files = (
			);
			runOnlyForDeploymentPostprocessing = 0;
		};
/* End PBXFrameworksBuildPhase section */

/* Begin PBXGroup section */
		270506F12247AD7E00563F86 = {
			isa = PBXGroup;
			children = (
				270506FC2247AD7E00563F86 /* memoApp */,
				270507112247AD8000563F86 /* memoAppTests */,
				2705071C2247AD8000563F86 /* memoAppUITests */,
				270506FB2247AD7E00563F86 /* Products */,
			);
			sourceTree = "<group>";
		};
		270506FB2247AD7E00563F86 /* Products */ = {
			isa = PBXGroup;
			children = (
				270506FA2247AD7E00563F86 /* memoApp.app */,
				2705070E2247AD8000563F86 /* memoAppTests.xctest */,
				270507192247AD8000563F86 /* memoAppUITests.xctest */,
			);
			name = Products;
			sourceTree = "<group>";
		};
		270506FC2247AD7E00563F86 /* memoApp */ = {
			isa = PBXGroup;
			children = (
				270506FD2247AD7E00563F86 /* AppDelegate.swift */,
				270506FF2247AD7E00563F86 /* ViewController.swift */,
				270507012247AD7E00563F86 /* Main.storyboard */,
				270507042247AD8000563F86 /* Assets.xcassets */,
				270507062247AD8000563F86 /* LaunchScreen.storyboard */,
				270507092247AD8000563F86 /* Info.plist */,
			);
			path = memoApp;
			sourceTree = "<group>";
		};
		270507112247AD8000563F86 /* memoAppTests */ = {
			isa = PBXGroup;
			children = (
				270507122247AD8000563F86 /* memoAppTests.swift */,
				270507142247AD8000563F86 /* Info.plist */,
			);
			path = memoAppTests;
			sourceTree = "<group>";
		};
		2705071C2247AD8000563F86 /* memoAppUITests */ = {
			isa = PBXGroup;
			children = (
				2705071D2247AD8000563F86 /* memoAppUITests.swift */,
				2705071F2247AD8000563F86 /* Info.plist */,
			);
			path = memoAppUITests;
			sourceTree = "<group>";
		};
/* End PBXGroup section */

/* Begin PBXNativeTarget section */
		270506F92247AD7E00563F86 /* memoApp */ = {
			isa = PBXNativeTarget;
			buildConfigurationList = 270507222247AD8000563F86 /* Build configuration list for PBXNativeTarget "memoApp" */;
			buildPhases = (
				270506F62247AD7E00563F86 /* Sources */,
				270506F72247AD7E00563F86 /* Frameworks */,
				270506F82247AD7E00563F86 /* Resources */,
			);
			buildRules = (
			);
			dependencies = (
			);
			name = memoApp;
			productName = memoApp;
			productReference = 270506FA2247AD7E00563F86 /* memoApp.app */;
			productType = "com.apple.product-type.application";
		};
		2705070D2247AD8000563F86 /* memoAppTests */ = {
			isa = PBXNativeTarget;
			buildConfigurationList = 270507252247AD8000563F86 /* Build configuration list for PBXNativeTarget "memoAppTests" */;
			buildPhases = (
				2705070A2247AD8000563F86 /* Sources */,
				2705070B2247AD8000563F86 /* Frameworks */,
				2705070C2247AD8000563F86 /* Resources */,
			);
			buildRules = (
			);
			dependencies = (
				270507102247AD8000563F86 /* PBXTargetDependency */,
			);
			name = memoAppTests;
			productName = memoAppTests;
			productReference = 2705070E2247AD8000563F86 /* memoAppTests.xctest */;
			productType = "com.apple.product-type.bundle.unit-test";
		};
		270507182247AD8000563F86 /* memoAppUITests */ = {
			isa = PBXNativeTarget;
			buildConfigurationList = 270507282247AD8000563F86 /* Build configuration list for PBXNativeTarget "memoAppUITests" */;
			buildPhases = (
				270507152247AD8000563F86 /* Sources */,
				270507162247AD8000563F86 /* Frameworks */,
				270507172247AD8000563F86 /* Resources */,
			);
			buildRules = (
			);
			dependencies = (
				2705071B2247AD8000563F86 /* PBXTargetDependency */,
			);
			name = memoAppUITests;
			productName = memoAppUITests;
			productReference = 270507192247AD8000563F86 /* memoAppUITests.xctest */;
			productType = "com.apple.product-type.bundle.ui-testing";
		};
/* End PBXNativeTarget section */

/* Begin PBXProject section */
		270506F22247AD7E00563F86 /* Project object */ = {
			isa = PBXProject;
			attributes = {
				LastSwiftUpdateCheck = 1010;
				LastUpgradeCheck = 1010;
				ORGANIZATIONNAME = tatsuya.ohyama;
				TargetAttributes = {
					270506F92247AD7E00563F86 = {
						CreatedOnToolsVersion = 10.1;
					};
					2705070D2247AD8000563F86 = {
						CreatedOnToolsVersion = 10.1;
						TestTargetID = 270506F92247AD7E00563F86;
					};
					270507182247AD8000563F86 = {
						CreatedOnToolsVersion = 10.1;
						TestTargetID = 270506F92247AD7E00563F86;
					};
				};
			};
			buildConfigurationList = 270506F52247AD7E00563F86 /* Build configuration list for PBXProject "memoApp" */;
			compatibilityVersion = "Xcode 9.3";
			developmentRegion = en;
			hasScannedForEncodings = 0;
			knownRegions = (
				en,
				Base,
			);
			mainGroup = 270506F12247AD7E00563F86;
			productRefGroup = 270506FB2247AD7E00563F86 /* Products */;
			projectDirPath = "";
			projectRoot = "";
			targets = (
				270506F92247AD7E00563F86 /* memoApp */,
				2705070D2247AD8000563F86 /* memoAppTests */,
				270507182247AD8000563F86 /* memoAppUITests */,
			);
		};
/* End PBXProject section */

/* Begin PBXResourcesBuildPhase section */
		270506F82247AD7E00563F86 /* Resources */ = {
			isa = PBXResourcesBuildPhase;
			buildActionMask = 2147483647;
			files = (
				270507082247AD8000563F86 /* LaunchScreen.storyboard in Resources */,
				270507052247AD8000563F86 /* Assets.xcassets in Resources */,
				270507032247AD7E00563F86 /* Main.storyboard in Resources */,
			);
			runOnlyForDeploymentPostprocessing = 0;
		};
		2705070C2247AD8000563F86 /* Resources */ = {
			isa = PBXResourcesBuildPhase;
			buildActionMask = 2147483647;
			files = (
			);
			runOnlyForDeploymentPostprocessing = 0;
		};
		270507172247AD8000563F86 /* Resources */ = {
			isa = PBXResourcesBuildPhase;
			buildActionMask = 2147483647;
			files = (
			);
			runOnlyForDeploymentPostprocessing = 0;
		};
/* End PBXResourcesBuildPhase section */

/* Begin PBXSourcesBuildPhase section */
		270506F62247AD7E00563F86 /* Sources */ = {
			isa = PBXSourcesBuildPhase;
			buildActionMask = 2147483647;
			files = (
				270507002247AD7E00563F86 /* ViewController.swift in Sources */,
				270506FE2247AD7E00563F86 /* AppDelegate.swift in Sources */,
			);
			runOnlyForDeploymentPostprocessing = 0;
		};
		2705070A2247AD8000563F86 /* Sources */ = {
			isa = PBXSourcesBuildPhase;
			buildActionMask = 2147483647;
			files = (
				270507132247AD8000563F86 /* memoAppTests.swift in Sources */,
			);
			runOnlyForDeploymentPostprocessing = 0;
		};
		270507152247AD8000563F86 /* Sources */ = {
			isa = PBXSourcesBuildPhase;
			buildActionMask = 2147483647;
			files = (
				2705071E2247AD8000563F86 /* memoAppUITests.swift in Sources */,
			);
			runOnlyForDeploymentPostprocessing = 0;
		};
/* End PBXSourcesBuildPhase section */

/* Begin PBXTargetDependency section */
		270507102247AD8000563F86 /* PBXTargetDependency */ = {
			isa = PBXTargetDependency;
			target = 270506F92247AD7E00563F86 /* memoApp */;
			targetProxy = 2705070F2247AD8000563F86 /* PBXContainerItemProxy */;
		};
		2705071B2247AD8000563F86 /* PBXTargetDependency */ = {
			isa = PBXTargetDependency;
			target = 270506F92247AD7E00563F86 /* memoApp */;
			targetProxy = 2705071A2247AD8000563F86 /* PBXContainerItemProxy */;
		};
/* End PBXTargetDependency section */

/* Begin PBXVariantGroup section */
		270507012247AD7E00563F86 /* Main.storyboard */ = {
			isa = PBXVariantGroup;
			children = (
				270507022247AD7E00563F86 /* Base */,
			);
			name = Main.storyboard;
			sourceTree = "<group>";
		};
		270507062247AD8000563F86 /* LaunchScreen.storyboard */ = {
			isa = PBXVariantGroup;
			children = (
				270507072247AD8000563F86 /* Base */,
			);
			name = LaunchScreen.storyboard;
			sourceTree = "<group>";
		};
/* End PBXVariantGroup section */

/* Begin XCBuildConfiguration section */
		270507202247AD8000563F86 /* Debug */ = {
			isa = XCBuildConfiguration;
			buildSettings = {
				ALWAYS_SEARCH_USER_PATHS = NO;
				CLANG_ANALYZER_NONNULL = YES;
				CLANG_ANALYZER_NUMBER_OBJECT_CONVERSION = YES_AGGRESSIVE;
				CLANG_CXX_LANGUAGE_STANDARD = "gnu++14";
				CLANG_CXX_LIBRARY = "libc++";
				CLANG_ENABLE_MODULES = YES;
				CLANG_ENABLE_OBJC_ARC = YES;
				CLANG_ENABLE_OBJC_WEAK = YES;
				CLANG_WARN_BLOCK_CAPTURE_AUTORELEASING = YES;
				CLANG_WARN_BOOL_CONVERSION = YES;
				CLANG_WARN_COMMA = YES;
				CLANG_WARN_CONSTANT_CONVERSION = YES;
				CLANG_WARN_DEPRECATED_OBJC_IMPLEMENTATIONS = YES;
				CLANG_WARN_DIRECT_OBJC_ISA_USAGE = YES_ERROR;
				CLANG_WARN_DOCUMENTATION_COMMENTS = YES;
				CLANG_WARN_EMPTY_BODY = YES;
				CLANG_WARN_ENUM_CONVERSION = YES;
				CLANG_WARN_INFINITE_RECURSION = YES;
				CLANG_WARN_INT_CONVERSION = YES;
				CLANG_WARN_NON_LITERAL_NULL_CONVERSION = YES;
				CLANG_WARN_OBJC_IMPLICIT_RETAIN_SELF = YES;
				CLANG_WARN_OBJC_LITERAL_CONVERSION = YES;
				CLANG_WARN_OBJC_ROOT_CLASS = YES_ERROR;
				CLANG_WARN_RANGE_LOOP_ANALYSIS = YES;
				CLANG_WARN_STRICT_PROTOTYPES = YES;
				CLANG_WARN_SUSPICIOUS_MOVE = YES;
				CLANG_WARN_UNGUARDED_AVAILABILITY = YES_AGGRESSIVE;
				CLANG_WARN_UNREACHABLE_CODE = YES;
				CLANG_WARN__DUPLICATE_METHOD_MATCH = YES;
				CODE_SIGN_IDENTITY = "iPhone Developer";
				COPY_PHASE_STRIP = NO;
				DEBUG_INFORMATION_FORMAT = dwarf;
				ENABLE_STRICT_OBJC_MSGSEND = YES;
				ENABLE_TESTABILITY = YES;
				GCC_C_LANGUAGE_STANDARD = gnu11;
				GCC_DYNAMIC_NO_PIC = NO;
				GCC_NO_COMMON_BLOCKS = YES;
				GCC_OPTIMIZATION_LEVEL = 0;
				GCC_PREPROCESSOR_DEFINITIONS = (
					"DEBUG=1",
					"$(inherited)",
				);
				GCC_WARN_64_TO_32_BIT_CONVERSION = YES;
				GCC_WARN_ABOUT_RETURN_TYPE = YES_ERROR;
				GCC_WARN_UNDECLARED_SELECTOR = YES;
				GCC_WARN_UNINITIALIZED_AUTOS = YES_AGGRESSIVE;
				GCC_WARN_UNUSED_FUNCTION = YES;
				GCC_WARN_UNUSED_VARIABLE = YES;
				IPHONEOS_DEPLOYMENT_TARGET = 12.1;
				MTL_ENABLE_DEBUG_INFO = INCLUDE_SOURCE;
				MTL_FAST_MATH = YES;
				ONLY_ACTIVE_ARCH = YES;
				SDKROOT = iphoneos;
				SWIFT_ACTIVE_COMPILATION_CONDITIONS = DEBUG;
				SWIFT_OPTIMIZATION_LEVEL = "-Onone";
			};
			name = Debug;
		};
		270507212247AD8000563F86 /* Release */ = {
			isa = XCBuildConfiguration;
			buildSettings = {
				ALWAYS_SEARCH_USER_PATHS = NO;
				CLANG_ANALYZER_NONNULL = YES;
				CLANG_ANALYZER_NUMBER_OBJECT_CONVERSION = YES_AGGRESSIVE;
				CLANG_CXX_LANGUAGE_STANDARD = "gnu++14";
				CLANG_CXX_LIBRARY = "libc++";
				CLANG_ENABLE_MODULES = YES;
				CLANG_ENABLE_OBJC_ARC = YES;
				CLANG_ENABLE_OBJC_WEAK = YES;
				CLANG_WARN_BLOCK_CAPTURE_AUTORELEASING = YES;
				CLANG_WARN_BOOL_CONVERSION = YES;
				CLANG_WARN_COMMA = YES;
				CLANG_WARN_CONSTANT_CONVERSION = YES;
				CLANG_WARN_DEPRECATED_OBJC_IMPLEMENTATIONS = YES;
				CLANG_WARN_DIRECT_OBJC_ISA_USAGE = YES_ERROR;
				CLANG_WARN_DOCUMENTATION_COMMENTS = YES;
				CLANG_WARN_EMPTY_BODY = YES;
				CLANG_WARN_ENUM_CONVERSION = YES;
				CLANG_WARN_INFINITE_RECURSION = YES;
				CLANG_WARN_INT_CONVERSION = YES;
				CLANG_WARN_NON_LITERAL_NULL_CONVERSION = YES;
				CLANG_WARN_OBJC_IMPLICIT_RETAIN_SELF = YES;
				CLANG_WARN_OBJC_LITERAL_CONVERSION = YES;
				CLANG_WARN_OBJC_ROOT_CLASS = YES_ERROR;
				CLANG_WARN_RANGE_LOOP_ANALYSIS = YES;
				CLANG_WARN_STRICT_PROTOTYPES = YES;
				CLANG_WARN_SUSPICIOUS_MOVE = YES;
				CLANG_WARN_UNGUARDED_AVAILABILITY = YES_AGGRESSIVE;
				CLANG_WARN_UNREACHABLE_CODE = YES;
				CLANG_WARN__DUPLICATE_METHOD_MATCH = YES;
				CODE_SIGN_IDENTITY = "iPhone Developer";
				COPY_PHASE_STRIP = NO;
				DEBUG_INFORMATION_FORMAT = "dwarf-with-dsym";
				ENABLE_NS_ASSERTIONS = NO;
				ENABLE_STRICT_OBJC_MSGSEND = YES;
				GCC_C_LANGUAGE_STANDARD = gnu11;
				GCC_NO_COMMON_BLOCKS = YES;
				GCC_WARN_64_TO_32_BIT_CONVERSION = YES;
				GCC_WARN_ABOUT_RETURN_TYPE = YES_ERROR;
				GCC_WARN_UNDECLARED_SELECTOR = YES;
				GCC_WARN_UNINITIALIZED_AUTOS = YES_AGGRESSIVE;
				GCC_WARN_UNUSED_FUNCTION = YES;
				GCC_WARN_UNUSED_VARIABLE = YES;
				IPHONEOS_DEPLOYMENT_TARGET = 12.1;
				MTL_ENABLE_DEBUG_INFO = NO;
				MTL_FAST_MATH = YES;
				SDKROOT = iphoneos;
				SWIFT_COMPILATION_MODE = wholemodule;
				SWIFT_OPTIMIZATION_LEVEL = "-O";
				VALIDATE_PRODUCT = YES;
			};
			name = Release;
		};
		270507232247AD8000563F86 /* Debug */ = {
			isa = XCBuildConfiguration;
			buildSettings = {
				ASSETCATALOG_COMPILER_APPICON_NAME = AppIcon;
				CODE_SIGN_STYLE = Automatic;
				INFOPLIST_FILE = memoApp/Info.plist;
				LD_RUNPATH_SEARCH_PATHS = (
					"$(inherited)",
					"@executable_path/Frameworks",
				);
				PRODUCT_BUNDLE_IDENTIFIER = tatsuya.ohyama.memoApp;
				PRODUCT_NAME = "$(TARGET_NAME)";
				SWIFT_VERSION = 4.2;
				TARGETED_DEVICE_FAMILY = "1,2";
			};
			name = Debug;
		};
		270507242247AD8000563F86 /* Release */ = {
			isa = XCBuildConfiguration;
			buildSettings = {
				ASSETCATALOG_COMPILER_APPICON_NAME = AppIcon;
				CODE_SIGN_STYLE = Automatic;
				INFOPLIST_FILE = memoApp/Info.plist;
				LD_RUNPATH_SEARCH_PATHS = (
					"$(inherited)",
					"@executable_path/Frameworks",
				);
				PRODUCT_BUNDLE_IDENTIFIER = tatsuya.ohyama.memoApp;
				PRODUCT_NAME = "$(TARGET_NAME)";
				SWIFT_VERSION = 4.2;
				TARGETED_DEVICE_FAMILY = "1,2";
			};
			name = Release;
		};
		270507262247AD8000563F86 /* Debug */ = {
			isa = XCBuildConfiguration;
			buildSettings = {
				ALWAYS_EMBED_SWIFT_STANDARD_LIBRARIES = YES;
				BUNDLE_LOADER = "$(TEST_HOST)";
				CODE_SIGN_STYLE = Automatic;
				INFOPLIST_FILE = memoAppTests/Info.plist;
				LD_RUNPATH_SEARCH_PATHS = (
					"$(inherited)",
					"@executable_path/Frameworks",
					"@loader_path/Frameworks",
				);
				PRODUCT_BUNDLE_IDENTIFIER = tatsuya.ohyama.memoAppTests;
				PRODUCT_NAME = "$(TARGET_NAME)";
				SWIFT_VERSION = 4.2;
				TARGETED_DEVICE_FAMILY = "1,2";
				TEST_HOST = "$(BUILT_PRODUCTS_DIR)/memoApp.app/memoApp";
			};
			name = Debug;
		};
		270507272247AD8000563F86 /* Release */ = {
			isa = XCBuildConfiguration;
			buildSettings = {
				ALWAYS_EMBED_SWIFT_STANDARD_LIBRARIES = YES;
				BUNDLE_LOADER = "$(TEST_HOST)";
				CODE_SIGN_STYLE = Automatic;
				INFOPLIST_FILE = memoAppTests/Info.plist;
				LD_RUNPATH_SEARCH_PATHS = (
					"$(inherited)",
					"@executable_path/Frameworks",
					"@loader_path/Frameworks",
				);
				PRODUCT_BUNDLE_IDENTIFIER = tatsuya.ohyama.memoAppTests;
				PRODUCT_NAME = "$(TARGET_NAME)";
				SWIFT_VERSION = 4.2;
				TARGETED_DEVICE_FAMILY = "1,2";
				TEST_HOST = "$(BUILT_PRODUCTS_DIR)/memoApp.app/memoApp";
			};
			name = Release;
		};
		270507292247AD8000563F86 /* Debug */ = {
			isa = XCBuildConfiguration;
			buildSettings = {
				ALWAYS_EMBED_SWIFT_STANDARD_LIBRARIES = YES;
				CODE_SIGN_STYLE = Automatic;
				INFOPLIST_FILE = memoAppUITests/Info.plist;
				LD_RUNPATH_SEARCH_PATHS = (
					"$(inherited)",
					"@executable_path/Frameworks",
					"@loader_path/Frameworks",
				);
				PRODUCT_BUNDLE_IDENTIFIER = tatsuya.ohyama.memoAppUITests;
				PRODUCT_NAME = "$(TARGET_NAME)";
				SWIFT_VERSION = 4.2;
				TARGETED_DEVICE_FAMILY = "1,2";
				TEST_TARGET_NAME = memoApp;
			};
			name = Debug;
		};
		2705072A2247AD8000563F86 /* Release */ = {
			isa = XCBuildConfiguration;
			buildSettings = {
				ALWAYS_EMBED_SWIFT_STANDARD_LIBRARIES = YES;
				CODE_SIGN_STYLE = Automatic;
				INFOPLIST_FILE = memoAppUITests/Info.plist;
				LD_RUNPATH_SEARCH_PATHS = (
					"$(inherited)",
					"@executable_path/Frameworks",
					"@loader_path/Frameworks",
				);
				PRODUCT_BUNDLE_IDENTIFIER = tatsuya.ohyama.memoAppUITests;
				PRODUCT_NAME = "$(TARGET_NAME)";
				SWIFT_VERSION = 4.2;
				TARGETED_DEVICE_FAMILY = "1,2";
				TEST_TARGET_NAME = memoApp;
			};
			name = Release;
		};
/* End XCBuildConfiguration section */

/* Begin XCConfigurationList section */
		270506F52247AD7E00563F86 /* Build configuration list for PBXProject "memoApp" */ = {
			isa = XCConfigurationList;
			buildConfigurations = (
				270507202247AD8000563F86 /* Debug */,
				270507212247AD8000563F86 /* Release */,
			);
			defaultConfigurationIsVisible = 0;
			defaultConfigurationName = Release;
		};
		270507222247AD8000563F86 /* Build configuration list for PBXNativeTarget "memoApp" */ = {
			isa = XCConfigurationList;
			buildConfigurations = (
				270507232247AD8000563F86 /* Debug */,
				270507242247AD8000563F86 /* Release */,
			);
			defaultConfigurationIsVisible = 0;
			defaultConfigurationName = Release;
		};
		270507252247AD8000563F86 /* Build configuration list for PBXNativeTarget "memoAppTests" */ = {
			isa = XCConfigurationList;
			buildConfigurations = (
				270507262247AD8000563F86 /* Debug */,
				270507272247AD8000563F86 /* Release */,
			);
			defaultConfigurationIsVisible = 0;
			defaultConfigurationName = Release;
		};
		270507282247AD8000563F86 /* Build configuration list for PBXNativeTarget "memoAppUITests" */ = {
			isa = XCConfigurationList;
			buildConfigurations = (
				270507292247AD8000563F86 /* Debug */,
				2705072A2247AD8000563F86 /* Release */,
			);
			defaultConfigurationIsVisible = 0;
			defaultConfigurationName = Release;
		};
/* End XCConfigurationList section */
	};
	rootObject = 270506F22247AD7E00563F86 /* Project object */;
}
